
Microsoft Visual Studio Solution File, Format Version 12.00
# Visual Studio Version 17
VisualStudioVersion = 17.4.33205.214
MinimumVisualStudioVersion = 10.0.40219.1
Project("{F184B08F-C81C-45F6-A57F-5ABD9991F28F}") = "Oscilloscope", "Oscilloscope\Oscilloscope.vbproj", "{1C96141A-7C5A-4574-9ED2-F41DD4B2B37A}"
EndProject
Global
	GlobalSection(SolutionConfigurationPlatforms) = preSolution
		Debug|Any CPU = Debug|Any CPU
		Release|Any CPU = Release|Any CPU
	EndGlobalSection
	GlobalSection(ProjectConfigurationPlatforms) = postSolution
		{1C96141A-7C5A-4574-9ED2-F41DD4B2B37A}.Debug|Any CPU.ActiveCfg = Debug|Any CPU
		{1C96141A-7C5A-4574-9ED2-F41DD4B2B37A}.Debug|Any CPU.Build.0 = Debug|Any CPU
		{1C96141A-7C5A-4574-9ED2-F41DD4B2B37A}.Release|Any CPU.ActiveCfg = Release|Any CPU
		{1C96141A-7C5A-4574-9ED2-F41DD4B2B37A}.Release|Any CPU.Build.0 = Release|Any CPU
	EndGlobalSection
	GlobalSection(SolutionProperties) = preSolution
		HideSolutionNode = FALSE
	EndGlobalSection
	GlobalSection(ExtensibilityGlobals) = postSolution
		SolutionGuid = {17D29ED6-02FD-4BC2-AA7E-23B46CBE7284}
	EndGlobalSection
EndGlobal
